
Microsoft Visual Studio Solution File, Format Version 12.00
# Visual Studio Version 17
VisualStudioVersion = 17.0.32126.317
MinimumVisualStudioVersion = 10.0.40219.1
Project("{FAE04EC0-301F-11D3-BF4B-00C04F79EFBC}") = "User Management Microservice", "User Management Microservice\User Management Microservice.csproj", "{941FEA1D-7F1C-42BB-BCBA-3C1D71634E0E}"
EndProject
Global
	GlobalSection(SolutionConfigurationPlatforms) = preSolution
		Debug|Any CPU = Debug|Any CPU
		Release|Any CPU = Release|Any CPU
	EndGlobalSection
	GlobalSection(ProjectConfigurationPlatforms) = postSolution
		{941FEA1D-7F1C-42BB-BCBA-3C1D71634E0E}.Debug|Any CPU.ActiveCfg = Debug|Any CPU
		{941FEA1D-7F1C-42BB-BCBA-3C1D71634E0E}.Debug|Any CPU.Build.0 = Debug|Any CPU
		{941FEA1D-7F1C-42BB-BCBA-3C1D71634E0E}.Release|Any CPU.ActiveCfg = Release|Any CPU
		{941FEA1D-7F1C-42BB-BCBA-3C1D71634E0E}.Release|Any CPU.Build.0 = Release|Any CPU
	EndGlobalSection
	GlobalSection(SolutionProperties) = preSolution
		HideSolutionNode = FALSE
	EndGlobalSection
	GlobalSection(ExtensibilityGlobals) = postSolution
		SolutionGuid = {DF39099E-E68A-438C-AC92-9EAB6BC17409}
	EndGlobalSection
EndGlobal
